
Microsoft Visual Studio Solution File, Format Version 12.00
# Visual Studio 15
VisualStudioVersion = 15.0.28307.136
MinimumVisualStudioVersion = 10.0.40219.1
Project("{FAE04EC0-301F-11D3-BF4B-00C04F79EFBC}") = "HideMenu", "src\HideMenu.csproj", "{78437536-A3C8-447B-ABB3-A2F686DBD2CD}"
EndProject
Project("{2150E333-8FDC-42A3-9474-1A3956D46DE8}") = "Misc", "Misc", "{B1137245-1FC5-4582-893D-DDE54C1C9199}"
	ProjectSection(SolutionItems) = preProject
		.editorconfig = .editorconfig
		.gitignore = .gitignore
		appveyor.yml = appveyor.yml
		build.cmd = build.cmd
		LICENSE.txt = LICENSE.txt
		README.md = README.md
	EndProjectSection
EndProject
Global
	GlobalSection(SolutionConfigurationPlatforms) = preSolution
		Debug|Any CPU = Debug|Any CPU
		Release|Any CPU = Release|Any CPU
	EndGlobalSection
	GlobalSection(ProjectConfigurationPlatforms) = postSolution
		{78437536-A3C8-447B-ABB3-A2F686DBD2CD}.Debug|Any CPU.ActiveCfg = Debug|Any CPU
		{78437536-A3C8-447B-ABB3-A2F686DBD2CD}.Debug|Any CPU.Build.0 = Debug|Any CPU
		{78437536-A3C8-447B-ABB3-A2F686DBD2CD}.Release|Any CPU.ActiveCfg = Release|Any CPU
		{78437536-A3C8-447B-ABB3-A2F686DBD2CD}.Release|Any CPU.Build.0 = Release|Any CPU
	EndGlobalSection
	GlobalSection(SolutionProperties) = preSolution
		HideSolutionNode = FALSE
	EndGlobalSection
	GlobalSection(ExtensibilityGlobals) = postSolution
		SolutionGuid = {4731A4DD-D3D4-44BD-A076-020342AA6DA2}
	EndGlobalSection
EndGlobal
